
Microsoft Visual Studio Solution File, Format Version 12.00
# Visual Studio Version 17
VisualStudioVersion = 17.11.35219.272
MinimumVisualStudioVersion = 10.0.40219.1
Project("{9A19103F-16F7-4668-BE54-9A1E7A4F7556}") = "Fischless.Configuration", "src\Fischless.Configuration\Fischless.Configuration.csproj", "{79DCCCEE-D4A6-4E96-BFBC-9ECC4F467E92}"
EndProject
Project("{9A19103F-16F7-4668-BE54-9A1E7A4F7556}") = "Fischless.Configuration.Yaml", "src\Fischless.Configuration.Yaml\Fischless.Configuration.Yaml.csproj", "{C12914AB-1C59-4813-AEBE-B9972995E448}"
EndProject
Project("{9A19103F-16F7-4668-BE54-9A1E7A4F7556}") = "Fischless.Configuration.Json", "src\Fischless.Configuration.Json\Fischless.Configuration.Json.csproj", "{56D7B1BC-CA07-4462-8BCB-9C6BDE3BC2FB}"
EndProject
Project("{9A19103F-16F7-4668-BE54-9A1E7A4F7556}") = "Fischless.Configuration.Ini", "src\Fischless.Configuration.Ini\Fischless.Configuration.Ini.csproj", "{4E5D8A98-FD70-49A4-AB93-14E74BE89F58}"
EndProject
Project("{FAE04EC0-301F-11D3-BF4B-00C04F79EFBC}") = "Fischless.Configuration.Test", "src\Fischless.Configuration.Test\Fischless.Configuration.Test.csproj", "{64BAECB2-796B-4294-925D-F650F896A3CD}"
EndProject
Global
	GlobalSection(SolutionConfigurationPlatforms) = preSolution
		Debug|Any CPU = Debug|Any CPU
		Release|Any CPU = Release|Any CPU
	EndGlobalSection
	GlobalSection(ProjectConfigurationPlatforms) = postSolution
		{79DCCCEE-D4A6-4E96-BFBC-9ECC4F467E92}.Debug|Any CPU.ActiveCfg = Debug|Any CPU
		{79DCCCEE-D4A6-4E96-BFBC-9ECC4F467E92}.Debug|Any CPU.Build.0 = Debug|Any CPU
		{79DCCCEE-D4A6-4E96-BFBC-9ECC4F467E92}.Release|Any CPU.ActiveCfg = Release|Any CPU
		{79DCCCEE-D4A6-4E96-BFBC-9ECC4F467E92}.Release|Any CPU.Build.0 = Release|Any CPU
		{C12914AB-1C59-4813-AEBE-B9972995E448}.Debug|Any CPU.ActiveCfg = Debug|Any CPU
		{C12914AB-1C59-4813-AEBE-B9972995E448}.Debug|Any CPU.Build.0 = Debug|Any CPU
		{C12914AB-1C59-4813-AEBE-B9972995E448}.Release|Any CPU.ActiveCfg = Release|Any CPU
		{C12914AB-1C59-4813-AEBE-B9972995E448}.Release|Any CPU.Build.0 = Release|Any CPU
		{56D7B1BC-CA07-4462-8BCB-9C6BDE3BC2FB}.Debug|Any CPU.ActiveCfg = Debug|Any CPU
		{56D7B1BC-CA07-4462-8BCB-9C6BDE3BC2FB}.Debug|Any CPU.Build.0 = Debug|Any CPU
		{56D7B1BC-CA07-4462-8BCB-9C6BDE3BC2FB}.Release|Any CPU.ActiveCfg = Release|Any CPU
		{56D7B1BC-CA07-4462-8BCB-9C6BDE3BC2FB}.Release|Any CPU.Build.0 = Release|Any CPU
		{4E5D8A98-FD70-49A4-AB93-14E74BE89F58}.Debug|Any CPU.ActiveCfg = Debug|Any CPU
		{4E5D8A98-FD70-49A4-AB93-14E74BE89F58}.Debug|Any CPU.Build.0 = Debug|Any CPU
		{4E5D8A98-FD70-49A4-AB93-14E74BE89F58}.Release|Any CPU.ActiveCfg = Release|Any CPU
		{4E5D8A98-FD70-49A4-AB93-14E74BE89F58}.Release|Any CPU.Build.0 = Release|Any CPU
		{64BAECB2-796B-4294-925D-F650F896A3CD}.Debug|Any CPU.ActiveCfg = Debug|Any CPU
		{64BAECB2-796B-4294-925D-F650F896A3CD}.Debug|Any CPU.Build.0 = Debug|Any CPU
		{64BAECB2-796B-4294-925D-F650F896A3CD}.Release|Any CPU.ActiveCfg = Release|Any CPU
		{64BAECB2-796B-4294-925D-F650F896A3CD}.Release|Any CPU.Build.0 = Release|Any CPU
	EndGlobalSection
	GlobalSection(SolutionProperties) = preSolution
		HideSolutionNode = FALSE
	EndGlobalSection
	GlobalSection(ExtensibilityGlobals) = postSolution
		SolutionGuid = {300D6F8A-C6B9-491E-9E95-4411360CFE55}
	EndGlobalSection
EndGlobal
